// !$*UTF8*$!
{
	archiveVersion = 1;
	classes = {
	};
	objectVersion = 77;
	objects = {

/* Begin PBXBuildFile section */
		278FAAC62FAF741D0019F255 /* RcloneFileProviderUI.appex in Embed Foundation Extensions */ = {isa = PBXBuildFile; fileRef = 278FAABC2FAF741D0019F255 /* RcloneFileProviderUI.appex */; platformFilter = ios; settings = {ATTRIBUTES = (RemoveHeadersOnCopy, ); }; };
		278FAAC92FAF741D0019F255 /* RcloneFileProvider.appex in Embed Foundation Extensions */ = {isa = PBXBuildFile; fileRef = 278FAAAC2FAF741D0019F255 /* RcloneFileProvider.appex */; settings = {ATTRIBUTES = (RemoveHeadersOnCopy, ); }; };
		27C31F6D2FBDA916005F4083 /* WidgetKit.framework in Frameworks */ = {isa = PBXBuildFile; fileRef = 27C31F6C2FBDA916005F4083 /* WidgetKit.framework */; };
		27C31F6F2FBDA916005F4083 /* SwiftUI.framework in Frameworks */ = {isa = PBXBuildFile; fileRef = 27C31F6E2FBDA916005F4083 /* SwiftUI.framework */; };
		27C31F802FBDA917005F4083 /* RclonePhotoSyncActivityExtension.appex in Embed Foundation Extensions */ = {isa = PBXBuildFile; fileRef = 27C31F6A2FBDA916005F4083 /* RclonePhotoSyncActivityExtension.appex */; platformFilter = ios; settings = {ATTRIBUTES = (RemoveHeadersOnCopy, ); }; };
		27DAEDA1000000000000A001 /* RcloneKit.xcframework in Frameworks */ = {isa = PBXBuildFile; fileRef = 27DAEDA0000000000000A001 /* RcloneKit.xcframework */; };
		27DAEDA2000000000000A001 /* RcloneKit.xcframework in Embed Frameworks */ = {isa = PBXBuildFile; fileRef = 27DAEDA0000000000000A001 /* RcloneKit.xcframework */; settings = {ATTRIBUTES = (CodeSignOnCopy, RemoveHeadersOnCopy, ); }; };
		27FFEE0100000000000F0003 /* VLCKitSPM in Frameworks */ = {isa = PBXBuildFile; platformFilters = (ios, macos, ); productRef = 27FFEE0100000000000F0002 /* VLCKitSPM */; };
/* End PBXBuildFile section */

/* Begin PBXContainerItemProxy section */
		278FAAC42FAF741D0019F255 /* PBXContainerItemProxy */ = {
			isa = PBXContainerItemProxy;
			containerPortal = 2796AC6A2FAE017400640D86 /* Project object */;
			proxyType = 1;
			remoteGlobalIDString = 278FAABB2FAF741D0019F255;
			remoteInfo = RcloneFileProviderUI;
		};
		278FAAC72FAF741D0019F255 /* PBXContainerItemProxy */ = {
			isa = PBXContainerItemProxy;
			containerPortal = 2796AC6A2FAE017400640D86 /* Project object */;
			proxyType = 1;
			remoteGlobalIDString = 278FAAAB2FAF741D0019F255;
			remoteInfo = RcloneFileProvider;
		};
		2796AC842FAE017500640D86 /* PBXContainerItemProxy */ = {
			isa = PBXContainerItemProxy;
			containerPortal = 2796AC6A2FAE017400640D86 /* Project object */;
			proxyType = 1;
			remoteGlobalIDString = 2796AC712FAE017400640D86;
			remoteInfo = "Rclone GUI";
		};
		2796AC8E2FAE017500640D86 /* PBXContainerItemProxy */ = {
			isa = PBXContainerItemProxy;
			containerPortal = 2796AC6A2FAE017400640D86 /* Project object */;
			proxyType = 1;
			remoteGlobalIDString = 2796AC712FAE017400640D86;
			remoteInfo = "Rclone GUI";
		};
		27C31F7E2FBDA917005F4083 /* PBXContainerItemProxy */ = {
			isa = PBXContainerItemProxy;
			containerPortal = 2796AC6A2FAE017400640D86 /* Project object */;
			proxyType = 1;
			remoteGlobalIDString = 27C31F692FBDA916005F4083;
			remoteInfo = RclonePhotoSyncActivityExtension;
		};
/* End PBXContainerItemProxy section */

/* Begin PBXCopyFilesBuildPhase section */
		278FAACA2FAF741D0019F255 /* Embed Foundation Extensions */ = {
			isa = PBXCopyFilesBuildPhase;
			buildActionMask = 2147483647;
			dstPath = "";
			dstSubfolderSpec = 13;
			files = (
				27C31F802FBDA917005F4083 /* RclonePhotoSyncActivityExtension.appex in Embed Foundation Extensions */,
				278FAAC92FAF741D0019F255 /* RcloneFileProvider.appex in Embed Foundation Extensions */,
				278FAAC62FAF741D0019F255 /* RcloneFileProviderUI.appex in Embed Foundation Extensions */,
			);
			name = "Embed Foundation Extensions";
			runOnlyForDeploymentPostprocessing = 0;
		};
		79789492D71F6F3D69613CDB /* Embed Frameworks */ = {
			isa = PBXCopyFilesBuildPhase;
			buildActionMask = 2147483647;
			dstPath = "";
			dstSubfolderSpec = 10;
			files = (
				27DAEDA2000000000000A001 /* RcloneKit.xcframework in Embed Frameworks */,
			);
			name = "Embed Frameworks";
			runOnlyForDeploymentPostprocessing = 0;
		};
/* End PBXCopyFilesBuildPhase section */

/* Begin PBXFileReference section */
		278FAAAC2FAF741D0019F255 /* RcloneFileProvider.appex */ = {isa = PBXFileReference; explicitFileType = "wrapper.app-extension"; includeInIndex = 0; path = RcloneFileProvider.appex; sourceTree = BUILT_PRODUCTS_DIR; };
		278FAABC2FAF741D0019F255 /* RcloneFileProviderUI.appex */ = {isa = PBXFileReference; explicitFileType = "wrapper.app-extension"; includeInIndex = 0; path = RcloneFileProviderUI.appex; sourceTree = BUILT_PRODUCTS_DIR; };
		2796AC722FAE017400640D86 /* RcloneGUI.app */ = {isa = PBXFileReference; explicitFileType = wrapper.application; includeInIndex = 0; path = RcloneGUI.app; sourceTree = BUILT_PRODUCTS_DIR; };
		2796AC832FAE017500640D86 /* Rclone GUITests.xctest */ = {isa = PBXFileReference; explicitFileType = wrapper.cfbundle; includeInIndex = 0; path = "Rclone GUITests.xctest"; sourceTree = BUILT_PRODUCTS_DIR; };
		2796AC8D2FAE017500640D86 /* Rclone GUIUITests.xctest */ = {isa = PBXFileReference; explicitFileType = wrapper.cfbundle; includeInIndex = 0; path = "Rclone GUIUITests.xctest"; sourceTree = BUILT_PRODUCTS_DIR; };
		27C31F6A2FBDA916005F4083 /* RclonePhotoSyncActivityExtension.appex */ = {isa = PBXFileReference; explicitFileType = "wrapper.app-extension"; includeInIndex = 0; path = RclonePhotoSyncActivityExtension.appex; sourceTree = BUILT_PRODUCTS_DIR; };
		27C31F6C2FBDA916005F4083 /* WidgetKit.framework */ = {isa = PBXFileReference; lastKnownFileType = wrapper.framework; name = WidgetKit.framework; path = System/Library/Frameworks/WidgetKit.framework; sourceTree = SDKROOT; };
		27C31F6E2FBDA916005F4083 /* SwiftUI.framework */ = {isa = PBXFileReference; lastKnownFileType = wrapper.framework; name = SwiftUI.framework; path = System/Library/Frameworks/SwiftUI.framework; sourceTree = SDKROOT; };
		27DAEDA0000000000000A001 /* RcloneKit.xcframework */ = {isa = PBXFileReference; lastKnownFileType = wrapper.xcframework; name = RcloneKit.xcframework; path = Frameworks/RcloneKit.xcframework; sourceTree = "<group>"; };
/* End PBXFileReference section */

/* Begin PBXFileSystemSynchronizedBuildFileExceptionSet section */
		278FAAD02FAF741D0019F255 /* Exceptions for "RcloneFileProviderUI" folder in "RcloneFileProviderUI" target */ = {
			isa = PBXFileSystemSynchronizedBuildFileExceptionSet;
			membershipExceptions = (
				Info.plist,
			);
			target = 278FAABB2FAF741D0019F255 /* RcloneFileProviderUI */;
		};
		278FAAD22FAF741D0019F255 /* Exceptions for "RcloneFileProvider" folder in "RcloneFileProvider" target */ = {
			isa = PBXFileSystemSynchronizedBuildFileExceptionSet;
			membershipExceptions = (
				Info.plist,
			);
			target = 278FAAAB2FAF741D0019F255 /* RcloneFileProvider */;
		};
		27D1A4012FD1B00100AB1201 /* Exceptions for "RcloneFileProvider" folder in "Rclone GUITests" target */ = {
			isa = PBXFileSystemSynchronizedBuildFileExceptionSet;
			membershipExceptions = (
				AppGroupBridge.swift,
			);
			target = 2796AC822FAE017500640D86 /* Rclone GUITests */;
		};
		2796AC952FAE017500640D86 /* Exceptions for "Rclone GUI" folder in "Rclone GUI" target */ = {
			isa = PBXFileSystemSynchronizedBuildFileExceptionSet;
			membershipExceptions = (
				Info.plist,
			);
			target = 2796AC712FAE017400640D86 /* Rclone GUI */;
		};
		27C31F842FBDA917005F4083 /* Exceptions for "RclonePhotoSyncActivity" folder in "RclonePhotoSyncActivityExtension" target */ = {
			isa = PBXFileSystemSynchronizedBuildFileExceptionSet;
			membershipExceptions = (
				Info.plist,
			);
			target = 27C31F692FBDA916005F4083 /* RclonePhotoSyncActivityExtension */;
		};
/* End PBXFileSystemSynchronizedBuildFileExceptionSet section */

/* Begin PBXFileSystemSynchronizedRootGroup section */
		278FAAAF2FAF741D0019F255 /* RcloneFileProvider */ = {
			isa = PBXFileSystemSynchronizedRootGroup;
			exceptions = (
				278FAAD22FAF741D0019F255 /* Exceptions for "RcloneFileProvider" folder in "RcloneFileProvider" target */,
				27D1A4012FD1B00100AB1201 /* Exceptions for "RcloneFileProvider" folder in "Rclone GUITests" target */,
			);
			path = RcloneFileProvider;
			sourceTree = "<group>";
		};
		278FAABD2FAF741D0019F255 /* RcloneFileProviderUI */ = {
			isa = PBXFileSystemSynchronizedRootGroup;
			exceptions = (
				278FAAD02FAF741D0019F255 /* Exceptions for "RcloneFileProviderUI" folder in "RcloneFileProviderUI" target */,
			);
			path = RcloneFileProviderUI;
			sourceTree = "<group>";
		};
		2796AC742FAE017400640D86 /* Rclone GUI */ = {
			isa = PBXFileSystemSynchronizedRootGroup;
			exceptions = (
				2796AC952FAE017500640D86 /* Exceptions for "Rclone GUI" folder in "Rclone GUI" target */,
			);
			path = "Rclone GUI";
			sourceTree = "<group>";
		};
		2796AC862FAE017500640D86 /* Rclone GUITests */ = {
			isa = PBXFileSystemSynchronizedRootGroup;
			path = "Rclone GUITests";
			sourceTree = "<group>";
		};
		2796AC902FAE017500640D86 /* Rclone GUIUITests */ = {
			isa = PBXFileSystemSynchronizedRootGroup;
			path = "Rclone GUIUITests";
			sourceTree = "<group>";
		};
		27C31F702FBDA916005F4083 /* RclonePhotoSyncActivity */ = {
			isa = PBXFileSystemSynchronizedRootGroup;
			exceptions = (
				27C31F842FBDA917005F4083 /* Exceptions for "RclonePhotoSyncActivity" folder in "RclonePhotoSyncActivityExtension" target */,
			);
			path = RclonePhotoSyncActivity;
			sourceTree = "<group>";
		};
/* End PBXFileSystemSynchronizedRootGroup section */

/* Begin PBXFrameworksBuildPhase section */
		278FAAA92FAF741D0019F255 /* Frameworks */ = {
			isa = PBXFrameworksBuildPhase;
			buildActionMask = 2147483647;
			files = (
			);
			runOnlyForDeploymentPostprocessing = 0;
		};
		278FAAB92FAF741D0019F255 /* Frameworks */ = {
			isa = PBXFrameworksBuildPhase;
			buildActionMask = 2147483647;
			files = (
			);
			runOnlyForDeploymentPostprocessing = 0;
		};
		2796AC6F2FAE017400640D86 /* Frameworks */ = {
			isa = PBXFrameworksBuildPhase;
			buildActionMask = 2147483647;
			files = (
				27DAEDA1000000000000A001 /* RcloneKit.xcframework in Frameworks */,
				27FFEE0100000000000F0003 /* VLCKitSPM in Frameworks */,
			);
			runOnlyForDeploymentPostprocessing = 0;
		};
		2796AC802FAE017500640D86 /* Frameworks */ = {
			isa = PBXFrameworksBuildPhase;
			buildActionMask = 2147483647;
			files = (
			);
			runOnlyForDeploymentPostprocessing = 0;
		};
		2796AC8A2FAE017500640D86 /* Frameworks */ = {
			isa = PBXFrameworksBuildPhase;
			buildActionMask = 2147483647;
			files = (
			);
			runOnlyForDeploymentPostprocessing = 0;
		};
		27C31F672FBDA916005F4083 /* Frameworks */ = {
			isa = PBXFrameworksBuildPhase;
			buildActionMask = 2147483647;
			files = (
				27C31F6F2FBDA916005F4083 /* SwiftUI.framework in Frameworks */,
				27C31F6D2FBDA916005F4083 /* WidgetKit.framework in Frameworks */,
			);
			runOnlyForDeploymentPostprocessing = 0;
		};
/* End PBXFrameworksBuildPhase section */

/* Begin PBXGroup section */
		279620532FB8D86400AA6628 /* Recovered References */ = {
			isa = PBXGroup;
			children = (
				27DAEDA0000000000000A001 /* RcloneKit.xcframework */,
			);
			name = "Recovered References";
			sourceTree = "<group>";
		};
		2796AC692FAE017400640D86 = {
			isa = PBXGroup;
			children = (
				2796AC742FAE017400640D86 /* Rclone GUI */,
				2796AC862FAE017500640D86 /* Rclone GUITests */,
				2796AC902FAE017500640D86 /* Rclone GUIUITests */,
				278FAAAF2FAF741D0019F255 /* RcloneFileProvider */,
				278FAABD2FAF741D0019F255 /* RcloneFileProviderUI */,
				27C31F702FBDA916005F4083 /* RclonePhotoSyncActivity */,
				27C31F6B2FBDA916005F4083 /* Frameworks */,
				2796AC732FAE017400640D86 /* Products */,
				279620532FB8D86400AA6628 /* Recovered References */,
			);
			sourceTree = "<group>";
		};
		2796AC732FAE017400640D86 /* Products */ = {
			isa = PBXGroup;
			children = (
				2796AC722FAE017400640D86 /* RcloneGUI.app */,
				2796AC832FAE017500640D86 /* Rclone GUITests.xctest */,
				2796AC8D2FAE017500640D86 /* Rclone GUIUITests.xctest */,
				278FAAAC2FAF741D0019F255 /* RcloneFileProvider.appex */,
				278FAABC2FAF741D0019F255 /* RcloneFileProviderUI.appex */,
				27C31F6A2FBDA916005F4083 /* RclonePhotoSyncActivityExtension.appex */,
			);
			name = Products;
			sourceTree = "<group>";
		};
		27C31F6B2FBDA916005F4083 /* Frameworks */ = {
			isa = PBXGroup;
			children = (
				27C31F6C2FBDA916005F4083 /* WidgetKit.framework */,
				27C31F6E2FBDA916005F4083 /* SwiftUI.framework */,
			);
			name = Frameworks;
			sourceTree = "<group>";
		};
/* End PBXGroup section */

/* Begin PBXNativeTarget section */
		278FAAAB2FAF741D0019F255 /* RcloneFileProvider */ = {
			isa = PBXNativeTarget;
			buildConfigurationList = 278FAAD12FAF741D0019F255 /* Build configuration list for PBXNativeTarget "RcloneFileProvider" */;
			buildPhases = (
				278FAAA82FAF741D0019F255 /* Sources */,
				278FAAA92FAF741D0019F255 /* Frameworks */,
				278FAAAA2FAF741D0019F255 /* Resources */,
			);
			buildRules = (
			);
			dependencies = (
			);
			fileSystemSynchronizedGroups = (
				278FAAAF2FAF741D0019F255 /* RcloneFileProvider */,
			);
			name = RcloneFileProvider;
			packageProductDependencies = (
			);
			productName = RcloneFileProvider;
			productReference = 278FAAAC2FAF741D0019F255 /* RcloneFileProvider.appex */;
			productType = "com.apple.product-type.app-extension";
		};
		278FAABB2FAF741D0019F255 /* RcloneFileProviderUI */ = {
			isa = PBXNativeTarget;
			buildConfigurationList = 278FAACF2FAF741D0019F255 /* Build configuration list for PBXNativeTarget "RcloneFileProviderUI" */;
			buildPhases = (
				278FAAB82FAF741D0019F255 /* Sources */,
				278FAAB92FAF741D0019F255 /* Frameworks */,
				278FAABA2FAF741D0019F255 /* Resources */,
			);
			buildRules = (
			);
			dependencies = (
			);
			fileSystemSynchronizedGroups = (
				278FAABD2FAF741D0019F255 /* RcloneFileProviderUI */,
			);
			name = RcloneFileProviderUI;
			packageProductDependencies = (
			);
			productName = RcloneFileProviderUI;
			productReference = 278FAABC2FAF741D0019F255 /* RcloneFileProviderUI.appex */;
			productType = "com.apple.product-type.app-extension";
		};
		2796AC712FAE017400640D86 /* Rclone GUI */ = {
			isa = PBXNativeTarget;
			buildConfigurationList = 2796AC962FAE017500640D86 /* Build configuration list for PBXNativeTarget "Rclone GUI" */;
			buildPhases = (
				2796AC6E2FAE017400640D86 /* Sources */,
				2796AC6F2FAE017400640D86 /* Frameworks */,
				2796AC702FAE017400640D86 /* Resources */,
				79789492D71F6F3D69613CDB /* Embed Frameworks */,
				278FAACA2FAF741D0019F255 /* Embed Foundation Extensions */,
			);
			buildRules = (
			);
			dependencies = (
				278FAAC52FAF741D0019F255 /* PBXTargetDependency */,
				278FAAC82FAF741D0019F255 /* PBXTargetDependency */,
				27C31F7F2FBDA917005F4083 /* PBXTargetDependency */,
			);
			fileSystemSynchronizedGroups = (
				2796AC742FAE017400640D86 /* Rclone GUI */,
			);
			name = "Rclone GUI";
			packageProductDependencies = (
				27FFEE0100000000000F0002 /* VLCKitSPM */,
			);
			productName = "Rclone GUI";
			productReference = 2796AC722FAE017400640D86 /* RcloneGUI.app */;
			productType = "com.apple.product-type.application";
		};
		2796AC822FAE017500640D86 /* Rclone GUITests */ = {
			isa = PBXNativeTarget;
			buildConfigurationList = 2796AC9B2FAE017500640D86 /* Build configuration list for PBXNativeTarget "Rclone GUITests" */;
			buildPhases = (
				2796AC7F2FAE017500640D86 /* Sources */,
				2796AC802FAE017500640D86 /* Frameworks */,
				2796AC812FAE017500640D86 /* Resources */,
			);
			buildRules = (
			);
			dependencies = (
				2796AC852FAE017500640D86 /* PBXTargetDependency */,
			);
			fileSystemSynchronizedGroups = (
				2796AC862FAE017500640D86 /* Rclone GUITests */,
			);
			name = "Rclone GUITests";
			productName = "Rclone GUITests";
			productReference = 2796AC832FAE017500640D86 /* Rclone GUITests.xctest */;
			productType = "com.apple.product-type.bundle.unit-test";
		};
		2796AC8C2FAE017500640D86 /* Rclone GUIUITests */ = {
			isa = PBXNativeTarget;
			buildConfigurationList = 2796AC9E2FAE017500640D86 /* Build configuration list for PBXNativeTarget "Rclone GUIUITests" */;
			buildPhases = (
				2796AC892FAE017500640D86 /* Sources */,
				2796AC8A2FAE017500640D86 /* Frameworks */,
				2796AC8B2FAE017500640D86 /* Resources */,
			);
			buildRules = (
			);
			dependencies = (
				2796AC8F2FAE017500640D86 /* PBXTargetDependency */,
			);
			fileSystemSynchronizedGroups = (
				2796AC902FAE017500640D86 /* Rclone GUIUITests */,
			);
			name = "Rclone GUIUITests";
			productName = "Rclone GUIUITests";
			productReference = 2796AC8D2FAE017500640D86 /* Rclone GUIUITests.xctest */;
			productType = "com.apple.product-type.bundle.ui-testing";
		};
		27C31F692FBDA916005F4083 /* RclonePhotoSyncActivityExtension */ = {
			isa = PBXNativeTarget;
			buildConfigurationList = 27C31F812FBDA917005F4083 /* Build configuration list for PBXNativeTarget "RclonePhotoSyncActivityExtension" */;
			buildPhases = (
				27C31F662FBDA916005F4083 /* Sources */,
				27C31F672FBDA916005F4083 /* Frameworks */,
				27C31F682FBDA916005F4083 /* Resources */,
			);
			buildRules = (
			);
			dependencies = (
			);
			fileSystemSynchronizedGroups = (
				27C31F702FBDA916005F4083 /* RclonePhotoSyncActivity */,
			);
			name = RclonePhotoSyncActivityExtension;
			packageProductDependencies = (
			);
			productName = RclonePhotoSyncActivityExtension;
			productReference = 27C31F6A2FBDA916005F4083 /* RclonePhotoSyncActivityExtension.appex */;
			productType = "com.apple.product-type.app-extension";
		};
/* End PBXNativeTarget section */

/* Begin PBXProject section */
		2796AC6A2FAE017400640D86 /* Project object */ = {
			isa = PBXProject;
			attributes = {
				BuildIndependentTargetsInParallel = 1;
				LastSwiftUpdateCheck = 1600;
				LastUpgradeCheck = 1600;
				TargetAttributes = {
					278FAAAB2FAF741D0019F255 = {
						CreatedOnToolsVersion = 16.0;
					};
					278FAABB2FAF741D0019F255 = {
						CreatedOnToolsVersion = 16.0;
					};
					2796AC712FAE017400640D86 = {
						CreatedOnToolsVersion = 16.0;
					};
					2796AC822FAE017500640D86 = {
						CreatedOnToolsVersion = 16.0;
						TestTargetID = 2796AC712FAE017400640D86;
					};
					2796AC8C2FAE017500640D86 = {
						CreatedOnToolsVersion = 16.0;
						TestTargetID = 2796AC712FAE017400640D86;
					};
					27C31F692FBDA916005F4083 = {
						CreatedOnToolsVersion = 16.0;
					};
				};
			};
			buildConfigurationList = 2796AC6D2FAE017400640D86 /* Build configuration list for PBXProject "Rclone GUI" */;
			developmentRegion = en;
			hasScannedForEncodings = 0;
			knownRegions = (
				fr,
				en,
				Base,
				es,
				de,
				it,
				"pt-BR",
				ja,
				"zh-Hans",
				nl,
				ru,
				pl,
				"zh-Hant",
				ko,
			);
			mainGroup = 2796AC692FAE017400640D86;
			minimizedProjectReferenceProxies = 1;
			packageReferences = (
				27FFEE0100000000000F0001 /* XCRemoteSwiftPackageReference "vlckit-spm" */,
			);
			preferredProjectObjectVersion = 77;
			productRefGroup = 2796AC732FAE017400640D86 /* Products */;
			projectDirPath = "";
			projectRoot = "";
			targets = (
				2796AC712FAE017400640D86 /* Rclone GUI */,
				2796AC822FAE017500640D86 /* Rclone GUITests */,
				2796AC8C2FAE017500640D86 /* Rclone GUIUITests */,
				278FAAAB2FAF741D0019F255 /* RcloneFileProvider */,
				278FAABB2FAF741D0019F255 /* RcloneFileProviderUI */,
				27C31F692FBDA916005F4083 /* RclonePhotoSyncActivityExtension */,
			);
		};
/* End PBXProject section */

/* Begin PBXResourcesBuildPhase section */
		278FAAAA2FAF741D0019F255 /* Resources */ = {
			isa = PBXResourcesBuildPhase;
			buildActionMask = 2147483647;
			files = (
			);
			runOnlyForDeploymentPostprocessing = 0;
		};
		278FAABA2FAF741D0019F255 /* Resources */ = {
			isa = PBXResourcesBuildPhase;
			buildActionMask = 2147483647;
			files = (
			);
			runOnlyForDeploymentPostprocessing = 0;
		};
		2796AC702FAE017400640D86 /* Resources */ = {
			isa = PBXResourcesBuildPhase;
			buildActionMask = 2147483647;
			files = (
			);
			runOnlyForDeploymentPostprocessing = 0;
		};
		2796AC812FAE017500640D86 /* Resources */ = {
			isa = PBXResourcesBuildPhase;
			buildActionMask = 2147483647;
			files = (
			);
			runOnlyForDeploymentPostprocessing = 0;
		};
		2796AC8B2FAE017500640D86 /* Resources */ = {
			isa = PBXResourcesBuildPhase;
			buildActionMask = 2147483647;
			files = (
			);
			runOnlyForDeploymentPostprocessing = 0;
		};
		27C31F682FBDA916005F4083 /* Resources */ = {
			isa = PBXResourcesBuildPhase;
			buildActionMask = 2147483647;
			files = (
			);
			runOnlyForDeploymentPostprocessing = 0;
		};
/* End PBXResourcesBuildPhase section */

/* Begin PBXSourcesBuildPhase section */
		278FAAA82FAF741D0019F255 /* Sources */ = {
			isa = PBXSourcesBuildPhase;
			buildActionMask = 2147483647;
			files = (
			);
			runOnlyForDeploymentPostprocessing = 0;
		};
		278FAAB82FAF741D0019F255 /* Sources */ = {
			isa = PBXSourcesBuildPhase;
			buildActionMask = 2147483647;
			files = (
			);
			runOnlyForDeploymentPostprocessing = 0;
		};
		2796AC6E2FAE017400640D86 /* Sources */ = {
			isa = PBXSourcesBuildPhase;
			buildActionMask = 2147483647;
			files = (
			);
			runOnlyForDeploymentPostprocessing = 0;
		};
		2796AC7F2FAE017500640D86 /* Sources */ = {
			isa = PBXSourcesBuildPhase;
			buildActionMask = 2147483647;
			files = (
			);
			runOnlyForDeploymentPostprocessing = 0;
		};
		2796AC892FAE017500640D86 /* Sources */ = {
			isa = PBXSourcesBuildPhase;
			buildActionMask = 2147483647;
			files = (
			);
			runOnlyForDeploymentPostprocessing = 0;
		};
		27C31F662FBDA916005F4083 /* Sources */ = {
			isa = PBXSourcesBuildPhase;
			buildActionMask = 2147483647;
			files = (
			);
			runOnlyForDeploymentPostprocessing = 0;
		};
/* End PBXSourcesBuildPhase section */

/* Begin PBXTargetDependency section */
		278FAAC52FAF741D0019F255 /* PBXTargetDependency */ = {
			isa = PBXTargetDependency;
			platformFilter = ios;
			target = 278FAABB2FAF741D0019F255 /* RcloneFileProviderUI */;
			targetProxy = 278FAAC42FAF741D0019F255 /* PBXContainerItemProxy */;
		};
		278FAAC82FAF741D0019F255 /* PBXTargetDependency */ = {
			isa = PBXTargetDependency;
			target = 278FAAAB2FAF741D0019F255 /* RcloneFileProvider */;
			targetProxy = 278FAAC72FAF741D0019F255 /* PBXContainerItemProxy */;
		};
		2796AC852FAE017500640D86 /* PBXTargetDependency */ = {
			isa = PBXTargetDependency;
			target = 2796AC712FAE017400640D86 /* Rclone GUI */;
			targetProxy = 2796AC842FAE017500640D86 /* PBXContainerItemProxy */;
		};
		2796AC8F2FAE017500640D86 /* PBXTargetDependency */ = {
			isa = PBXTargetDependency;
			target = 2796AC712FAE017400640D86 /* Rclone GUI */;
			targetProxy = 2796AC8E2FAE017500640D86 /* PBXContainerItemProxy */;
		};
		27C31F7F2FBDA917005F4083 /* PBXTargetDependency */ = {
			isa = PBXTargetDependency;
			platformFilter = ios;
			target = 27C31F692FBDA916005F4083 /* RclonePhotoSyncActivityExtension */;
			targetProxy = 27C31F7E2FBDA917005F4083 /* PBXContainerItemProxy */;
		};
/* End PBXTargetDependency section */

/* Begin XCBuildConfiguration section */
		278FAACB2FAF741D0019F255 /* Debug */ = {
			isa = XCBuildConfiguration;
			buildSettings = {
				CODE_SIGN_ENTITLEMENTS = RcloneFileProvider/RcloneFileProvider.entitlements;
				"CODE_SIGN_ENTITLEMENTS[sdk=macosx*]" = "RcloneFileProvider/RcloneFileProvider-macOS.entitlements";
				CODE_SIGN_STYLE = Automatic;
				CURRENT_PROJECT_VERSION = 9;
				DEVELOPMENT_TEAM = B897YNXQ77;
				"EXCLUDED_ARCHS[sdk=macosx*]" = x86_64;
				FRAMEWORK_SEARCH_PATHS = (
					"$(inherited)",
					"$(SRCROOT)/Frameworks",
				);
				GENERATE_INFOPLIST_FILE = YES;
				INFOPLIST_FILE = RcloneFileProvider/Info.plist;
				INFOPLIST_KEY_CFBundleDisplayName = RcloneFileProvider;
				INFOPLIST_KEY_NSHumanReadableCopyright = "";
				IPHONEOS_DEPLOYMENT_TARGET = 17.0;
				LD_RUNPATH_SEARCH_PATHS = (
					"$(inherited)",
					"@executable_path/Frameworks",
					"@executable_path/../../Frameworks",
				);
				"LD_RUNPATH_SEARCH_PATHS[sdk=macosx*]" = (
					"$(inherited)",
					"@executable_path/../../../../Frameworks",
				);
				MACOSX_DEPLOYMENT_TARGET = 14.0;
				MARKETING_VERSION = 2.1.2;
				OTHER_LDFLAGS = (
					"$(inherited)",
					"-lresolv",
				);
				PRODUCT_BUNDLE_IDENTIFIER = "com.rougetet.rclone-gui.fileprovider";
				PRODUCT_NAME = "$(TARGET_NAME)";
				REGISTER_APP_GROUPS = YES;
				SDKROOT = auto;
				SKIP_INSTALL = YES;
				STRING_CATALOG_GENERATE_SYMBOLS = NO;
				SUPPORTED_PLATFORMS = "iphoneos iphonesimulator macosx";
				SWIFT_APPROACHABLE_CONCURRENCY = YES;
				SWIFT_EMIT_LOC_STRINGS = YES;
				SWIFT_UPCOMING_FEATURE_MEMBER_IMPORT_VISIBILITY = YES;
				SWIFT_VERSION = 5.0;
				TARGETED_DEVICE_FAMILY = "1,2";
			};
			name = Debug;
		};
		278FAACC2FAF741D0019F255 /* Release */ = {
			isa = XCBuildConfiguration;
			buildSettings = {
				CODE_SIGN_ENTITLEMENTS = RcloneFileProvider/RcloneFileProvider.entitlements;
				"CODE_SIGN_ENTITLEMENTS[sdk=macosx*]" = "RcloneFileProvider/RcloneFileProvider-macOS.entitlements";
				CODE_SIGN_STYLE = Automatic;
				CURRENT_PROJECT_VERSION = 9;
				DEVELOPMENT_TEAM = B897YNXQ77;
				"EXCLUDED_ARCHS[sdk=macosx*]" = x86_64;
				FRAMEWORK_SEARCH_PATHS = (
					"$(inherited)",
					"$(SRCROOT)/Frameworks",
				);
				GENERATE_INFOPLIST_FILE = YES;
				INFOPLIST_FILE = RcloneFileProvider/Info.plist;
				INFOPLIST_KEY_CFBundleDisplayName = RcloneFileProvider;
				INFOPLIST_KEY_NSHumanReadableCopyright = "";
				IPHONEOS_DEPLOYMENT_TARGET = 17.0;
				LD_RUNPATH_SEARCH_PATHS = (
					"$(inherited)",
					"@executable_path/Frameworks",
					"@executable_path/../../Frameworks",
				);
				"LD_RUNPATH_SEARCH_PATHS[sdk=macosx*]" = (
					"$(inherited)",
					"@executable_path/../../../../Frameworks",
				);
				MACOSX_DEPLOYMENT_TARGET = 14.0;
				MARKETING_VERSION = 2.1.2;
				OTHER_LDFLAGS = (
					"$(inherited)",
					"-lresolv",
				);
				PRODUCT_BUNDLE_IDENTIFIER = "com.rougetet.rclone-gui.fileprovider";
				PRODUCT_NAME = "$(TARGET_NAME)";
				REGISTER_APP_GROUPS = YES;
				SDKROOT = auto;
				SKIP_INSTALL = YES;
				STRING_CATALOG_GENERATE_SYMBOLS = NO;
				SUPPORTED_PLATFORMS = "iphoneos iphonesimulator macosx";
				SWIFT_APPROACHABLE_CONCURRENCY = YES;
				SWIFT_EMIT_LOC_STRINGS = YES;
				SWIFT_UPCOMING_FEATURE_MEMBER_IMPORT_VISIBILITY = YES;
				SWIFT_VERSION = 5.0;
				TARGETED_DEVICE_FAMILY = "1,2";
				VALIDATE_PRODUCT = YES;
			};
			name = Release;
		};
		278FAACD2FAF741D0019F255 /* Debug */ = {
			isa = XCBuildConfiguration;
			buildSettings = {
				CODE_SIGN_STYLE = Automatic;
				CURRENT_PROJECT_VERSION = 9;
				DEVELOPMENT_TEAM = B897YNXQ77;
				GENERATE_INFOPLIST_FILE = YES;
				INFOPLIST_FILE = RcloneFileProviderUI/Info.plist;
				INFOPLIST_KEY_CFBundleDisplayName = RcloneFileProviderUI;
				INFOPLIST_KEY_NSHumanReadableCopyright = "";
				IPHONEOS_DEPLOYMENT_TARGET = 17.0;
				LD_RUNPATH_SEARCH_PATHS = (
					"$(inherited)",
					"@executable_path/Frameworks",
					"@executable_path/../../Frameworks",
				);
				MARKETING_VERSION = 2.1.2;
				PRODUCT_BUNDLE_IDENTIFIER = "com.rougetet.rclone-gui.fileproviderui";
				PRODUCT_NAME = "$(TARGET_NAME)";
				SDKROOT = iphoneos;
				SKIP_INSTALL = YES;
				STRING_CATALOG_GENERATE_SYMBOLS = NO;
				SWIFT_APPROACHABLE_CONCURRENCY = YES;
				SWIFT_EMIT_LOC_STRINGS = YES;
				SWIFT_UPCOMING_FEATURE_MEMBER_IMPORT_VISIBILITY = YES;
				SWIFT_VERSION = 5.0;
				TARGETED_DEVICE_FAMILY = "1,2";
			};
			name = Debug;
		};
		278FAACE2FAF741D0019F255 /* Release */ = {
			isa = XCBuildConfiguration;
			buildSettings = {
				CODE_SIGN_STYLE = Automatic;
				CURRENT_PROJECT_VERSION = 9;
				DEVELOPMENT_TEAM = B897YNXQ77;
				GENERATE_INFOPLIST_FILE = YES;
				INFOPLIST_FILE = RcloneFileProviderUI/Info.plist;
				INFOPLIST_KEY_CFBundleDisplayName = RcloneFileProviderUI;
				INFOPLIST_KEY_NSHumanReadableCopyright = "";
				IPHONEOS_DEPLOYMENT_TARGET = 17.0;
				LD_RUNPATH_SEARCH_PATHS = (
					"$(inherited)",
					"@executable_path/Frameworks",
					"@executable_path/../../Frameworks",
				);
				MARKETING_VERSION = 2.1.2;
				PRODUCT_BUNDLE_IDENTIFIER = "com.rougetet.rclone-gui.fileproviderui";
				PRODUCT_NAME = "$(TARGET_NAME)";
				SDKROOT = iphoneos;
				SKIP_INSTALL = YES;
				STRING_CATALOG_GENERATE_SYMBOLS = NO;
				SWIFT_APPROACHABLE_CONCURRENCY = YES;
				SWIFT_EMIT_LOC_STRINGS = YES;
				SWIFT_UPCOMING_FEATURE_MEMBER_IMPORT_VISIBILITY = YES;
				SWIFT_VERSION = 5.0;
				TARGETED_DEVICE_FAMILY = "1,2";
				VALIDATE_PRODUCT = YES;
			};
			name = Release;
		};
		2796AC972FAE017500640D86 /* Debug */ = {
			isa = XCBuildConfiguration;
			buildSettings = {
				ASSETCATALOG_COMPILER_APPICON_NAME = AppIcon;
				ASSETCATALOG_COMPILER_GLOBAL_ACCENT_COLOR_NAME = AccentColor;
				CODE_SIGN_ENTITLEMENTS = "Rclone GUI/Rclone GUI.entitlements";
				"CODE_SIGN_ENTITLEMENTS[sdk=macosx*]" = "Rclone GUI/Rclone GUI-macOS.entitlements";
				CODE_SIGN_STYLE = Automatic;
				CURRENT_PROJECT_VERSION = 9;
				DEAD_CODE_STRIPPING = YES;
				DEVELOPMENT_TEAM = B897YNXQ77;
				ENABLE_APP_SANDBOX = YES;
				ENABLE_HARDENED_RUNTIME = YES;
				ENABLE_INCOMING_NETWORK_CONNECTIONS = NO;
				"ENABLE_INCOMING_NETWORK_CONNECTIONS[sdk=macosx*]" = YES;
				ENABLE_OUTGOING_NETWORK_CONNECTIONS = YES;
				ENABLE_PREVIEWS = YES;
				ENABLE_RESOURCE_ACCESS_AUDIO_INPUT = NO;
				ENABLE_RESOURCE_ACCESS_BLUETOOTH = NO;
				ENABLE_RESOURCE_ACCESS_CALENDARS = NO;
				ENABLE_RESOURCE_ACCESS_CAMERA = NO;
				ENABLE_RESOURCE_ACCESS_CONTACTS = NO;
				ENABLE_RESOURCE_ACCESS_LOCATION = NO;
				ENABLE_RESOURCE_ACCESS_PHOTO_LIBRARY = YES;
				ENABLE_RESOURCE_ACCESS_PRINTING = NO;
				ENABLE_RESOURCE_ACCESS_USB = NO;
				ENABLE_USER_SELECTED_FILES = readonly;
				"ENABLE_USER_SELECTED_FILES[sdk=macosx*]" = readwrite;
				"EXCLUDED_ARCHS[sdk=macosx*]" = x86_64;
				FRAMEWORK_SEARCH_PATHS = (
					"$(inherited)",
					"$(SRCROOT)/Frameworks",
				);
				GENERATE_INFOPLIST_FILE = YES;
				INFOPLIST_FILE = "Rclone GUI/Info.plist";
				INFOPLIST_KEY_CFBundleDisplayName = "Rclone GUI";
				INFOPLIST_KEY_CFBundleName = "Rclone GUI";
				INFOPLIST_KEY_LSApplicationCategoryType = "public.app-category.utilities";
				"INFOPLIST_KEY_UIApplicationSceneManifest_Generation[sdk=iphoneos*]" = YES;
				"INFOPLIST_KEY_UIApplicationSceneManifest_Generation[sdk=iphonesimulator*]" = YES;
				"INFOPLIST_KEY_UIApplicationSupportsIndirectInputEvents[sdk=iphoneos*]" = YES;
				"INFOPLIST_KEY_UIApplicationSupportsIndirectInputEvents[sdk=iphonesimulator*]" = YES;
				"INFOPLIST_KEY_UILaunchScreen_Generation[sdk=iphoneos*]" = YES;
				"INFOPLIST_KEY_UILaunchScreen_Generation[sdk=iphonesimulator*]" = YES;
				"INFOPLIST_KEY_UIStatusBarStyle[sdk=iphoneos*]" = UIStatusBarStyleDefault;
				"INFOPLIST_KEY_UIStatusBarStyle[sdk=iphonesimulator*]" = UIStatusBarStyleDefault;
				INFOPLIST_KEY_UISupportedInterfaceOrientations_iPad = "UIInterfaceOrientationPortrait UIInterfaceOrientationPortraitUpsideDown UIInterfaceOrientationLandscapeLeft UIInterfaceOrientationLandscapeRight";
				INFOPLIST_KEY_UISupportedInterfaceOrientations_iPhone = "UIInterfaceOrientationPortrait UIInterfaceOrientationLandscapeLeft UIInterfaceOrientationLandscapeRight";
				IPHONEOS_DEPLOYMENT_TARGET = 17.0;
				LD_RUNPATH_SEARCH_PATHS = "@executable_path/Frameworks";
				"LD_RUNPATH_SEARCH_PATHS[sdk=macosx*]" = "@executable_path/../Frameworks";
				MACOSX_DEPLOYMENT_TARGET = 14.0;
				MARKETING_VERSION = 2.1.2;
				OTHER_LDFLAGS = (
					"$(inherited)",
					"-lresolv",
				);
				PRODUCT_BUNDLE_IDENTIFIER = "com.rougetet.rclone-gui";
				PRODUCT_MODULE_NAME = Rclone_GUI;
				PRODUCT_NAME = RcloneGUI;
				REGISTER_APP_GROUPS = YES;
				SDKROOT = auto;
				STRING_CATALOG_GENERATE_SYMBOLS = NO;
				SUPPORTED_PLATFORMS = "iphoneos iphonesimulator macosx xros xrsimulator";
				SUPPORTS_MACCATALYST = NO;
				SWIFT_APPROACHABLE_CONCURRENCY = YES;
				SWIFT_DEFAULT_ACTOR_ISOLATION = MainActor;
				SWIFT_EMIT_LOC_STRINGS = YES;
				SWIFT_UPCOMING_FEATURE_MEMBER_IMPORT_VISIBILITY = YES;
				SWIFT_VERSION = 5.0;
				TARGETED_DEVICE_FAMILY = "1,2,7";
				XROS_DEPLOYMENT_TARGET = 1.0;
			};
			name = Debug;
		};
		2796AC982FAE017500640D86 /* Release */ = {
			isa = XCBuildConfiguration;
			buildSettings = {
				ASSETCATALOG_COMPILER_APPICON_NAME = AppIcon;
				ASSETCATALOG_COMPILER_GLOBAL_ACCENT_COLOR_NAME = AccentColor;
				CODE_SIGN_ENTITLEMENTS = "Rclone GUI/Rclone GUI.entitlements";
				"CODE_SIGN_ENTITLEMENTS[sdk=macosx*]" = "Rclone GUI/Rclone GUI-macOS.entitlements";
				CODE_SIGN_STYLE = Automatic;
				CURRENT_PROJECT_VERSION = 9;
				DEAD_CODE_STRIPPING = YES;
				DEVELOPMENT_TEAM = B897YNXQ77;
				ENABLE_APP_SANDBOX = YES;
				ENABLE_HARDENED_RUNTIME = YES;
				ENABLE_INCOMING_NETWORK_CONNECTIONS = NO;
				"ENABLE_INCOMING_NETWORK_CONNECTIONS[sdk=macosx*]" = YES;
				ENABLE_OUTGOING_NETWORK_CONNECTIONS = YES;
				ENABLE_PREVIEWS = YES;
				ENABLE_RESOURCE_ACCESS_AUDIO_INPUT = NO;
				ENABLE_RESOURCE_ACCESS_BLUETOOTH = NO;
				ENABLE_RESOURCE_ACCESS_CALENDARS = NO;
				ENABLE_RESOURCE_ACCESS_CAMERA = NO;
				ENABLE_RESOURCE_ACCESS_CONTACTS = NO;
				ENABLE_RESOURCE_ACCESS_LOCATION = NO;
				ENABLE_RESOURCE_ACCESS_PHOTO_LIBRARY = YES;
				ENABLE_RESOURCE_ACCESS_PRINTING = NO;
				ENABLE_RESOURCE_ACCESS_USB = NO;
				ENABLE_USER_SELECTED_FILES = readonly;
				"ENABLE_USER_SELECTED_FILES[sdk=macosx*]" = readwrite;
				"EXCLUDED_ARCHS[sdk=macosx*]" = x86_64;
				FRAMEWORK_SEARCH_PATHS = (
					"$(inherited)",
					"$(SRCROOT)/Frameworks",
				);
				GENERATE_INFOPLIST_FILE = YES;
				INFOPLIST_FILE = "Rclone GUI/Info.plist";
				INFOPLIST_KEY_CFBundleDisplayName = "Rclone GUI";
				INFOPLIST_KEY_CFBundleName = "Rclone GUI";
				INFOPLIST_KEY_LSApplicationCategoryType = "public.app-category.utilities";
				"INFOPLIST_KEY_UIApplicationSceneManifest_Generation[sdk=iphoneos*]" = YES;
				"INFOPLIST_KEY_UIApplicationSceneManifest_Generation[sdk=iphonesimulator*]" = YES;
				"INFOPLIST_KEY_UIApplicationSupportsIndirectInputEvents[sdk=iphoneos*]" = YES;
				"INFOPLIST_KEY_UIApplicationSupportsIndirectInputEvents[sdk=iphonesimulator*]" = YES;
				"INFOPLIST_KEY_UILaunchScreen_Generation[sdk=iphoneos*]" = YES;
				"INFOPLIST_KEY_UILaunchScreen_Generation[sdk=iphonesimulator*]" = YES;
				"INFOPLIST_KEY_UIStatusBarStyle[sdk=iphoneos*]" = UIStatusBarStyleDefault;
				"INFOPLIST_KEY_UIStatusBarStyle[sdk=iphonesimulator*]" = UIStatusBarStyleDefault;
				INFOPLIST_KEY_UISupportedInterfaceOrientations_iPad = "UIInterfaceOrientationPortrait UIInterfaceOrientationPortraitUpsideDown UIInterfaceOrientationLandscapeLeft UIInterfaceOrientationLandscapeRight";
				INFOPLIST_KEY_UISupportedInterfaceOrientations_iPhone = "UIInterfaceOrientationPortrait UIInterfaceOrientationLandscapeLeft UIInterfaceOrientationLandscapeRight";
				IPHONEOS_DEPLOYMENT_TARGET = 17.0;
				LD_RUNPATH_SEARCH_PATHS = "@executable_path/Frameworks";
				"LD_RUNPATH_SEARCH_PATHS[sdk=macosx*]" = "@executable_path/../Frameworks";
				MACOSX_DEPLOYMENT_TARGET = 14.0;
				MARKETING_VERSION = 2.1.2;
				OTHER_LDFLAGS = (
					"$(inherited)",
					"-lresolv",
				);
				PRODUCT_BUNDLE_IDENTIFIER = "com.rougetet.rclone-gui";
				PRODUCT_MODULE_NAME = Rclone_GUI;
				PRODUCT_NAME = RcloneGUI;
				REGISTER_APP_GROUPS = YES;
				SDKROOT = auto;
				STRING_CATALOG_GENERATE_SYMBOLS = NO;
				SUPPORTED_PLATFORMS = "iphoneos iphonesimulator macosx xros xrsimulator";
				SUPPORTS_MACCATALYST = NO;
				SWIFT_APPROACHABLE_CONCURRENCY = YES;
				SWIFT_DEFAULT_ACTOR_ISOLATION = MainActor;
				SWIFT_EMIT_LOC_STRINGS = YES;
				SWIFT_UPCOMING_FEATURE_MEMBER_IMPORT_VISIBILITY = YES;
				SWIFT_VERSION = 5.0;
				TARGETED_DEVICE_FAMILY = "1,2,7";
				XROS_DEPLOYMENT_TARGET = 1.0;
			};
			name = Release;
		};
		2796AC992FAE017500640D86 /* Debug */ = {
			isa = XCBuildConfiguration;
			buildSettings = {
				ALWAYS_SEARCH_USER_PATHS = NO;
				ASSETCATALOG_COMPILER_GENERATE_SWIFT_ASSET_SYMBOL_EXTENSIONS = YES;
				CLANG_ANALYZER_LOCALIZABILITY_NONLOCALIZED = YES;
				CLANG_ANALYZER_NONNULL = YES;
				CLANG_ANALYZER_NUMBER_OBJECT_CONVERSION = YES_AGGRESSIVE;
				CLANG_CXX_LANGUAGE_STANDARD = "gnu++20";
				CLANG_ENABLE_MODULES = YES;
				CLANG_ENABLE_OBJC_ARC = YES;
				CLANG_ENABLE_OBJC_WEAK = YES;
				CLANG_WARN_BLOCK_CAPTURE_AUTORELEASING = YES;
				CLANG_WARN_BOOL_CONVERSION = YES;
				CLANG_WARN_COMMA = YES;
				CLANG_WARN_CONSTANT_CONVERSION = YES;
				CLANG_WARN_DEPRECATED_OBJC_IMPLEMENTATIONS = YES;
				CLANG_WARN_DIRECT_OBJC_ISA_USAGE = YES_ERROR;
				CLANG_WARN_DOCUMENTATION_COMMENTS = YES;
				CLANG_WARN_EMPTY_BODY = YES;
				CLANG_WARN_ENUM_CONVERSION = YES;
				CLANG_WARN_INFINITE_RECURSION = YES;
				CLANG_WARN_INT_CONVERSION = YES;
				CLANG_WARN_NON_LITERAL_NULL_CONVERSION = YES;
				CLANG_WARN_OBJC_IMPLICIT_RETAIN_SELF = YES;
				CLANG_WARN_OBJC_LITERAL_CONVERSION = YES;
				CLANG_WARN_OBJC_ROOT_CLASS = YES_ERROR;
				CLANG_WARN_QUOTED_INCLUDE_IN_FRAMEWORK_HEADER = YES;
				CLANG_WARN_RANGE_LOOP_ANALYSIS = YES;
				CLANG_WARN_STRICT_PROTOTYPES = YES;
				CLANG_WARN_SUSPICIOUS_MOVE = YES;
				CLANG_WARN_UNGUARDED_AVAILABILITY = YES_AGGRESSIVE;
				CLANG_WARN_UNREACHABLE_CODE = YES;
				CLANG_WARN__DUPLICATE_METHOD_MATCH = YES;
				COPY_PHASE_STRIP = NO;
				DEAD_CODE_STRIPPING = YES;
				DEBUG_INFORMATION_FORMAT = dwarf;
				DEVELOPMENT_TEAM = B897YNXQ77;
				ENABLE_STRICT_OBJC_MSGSEND = YES;
				ENABLE_TESTABILITY = YES;
				ENABLE_USER_SCRIPT_SANDBOXING = YES;
				GCC_C_LANGUAGE_STANDARD = gnu17;
				GCC_DYNAMIC_NO_PIC = NO;
				GCC_NO_COMMON_BLOCKS = YES;
				GCC_OPTIMIZATION_LEVEL = 0;
				GCC_PREPROCESSOR_DEFINITIONS = (
					"DEBUG=1",
					"$(inherited)",
				);
				GCC_WARN_64_TO_32_BIT_CONVERSION = YES;
				GCC_WARN_ABOUT_RETURN_TYPE = YES_ERROR;
				GCC_WARN_UNDECLARED_SELECTOR = YES;
				GCC_WARN_UNINITIALIZED_AUTOS = YES_AGGRESSIVE;
				GCC_WARN_UNUSED_FUNCTION = YES;
				GCC_WARN_UNUSED_VARIABLE = YES;
				LOCALIZATION_PREFERS_STRING_CATALOGS = YES;
				MTL_ENABLE_DEBUG_INFO = INCLUDE_SOURCE;
				MTL_FAST_MATH = YES;
				ONLY_ACTIVE_ARCH = YES;
				STRING_CATALOG_GENERATE_SYMBOLS = NO;
				SWIFT_ACTIVE_COMPILATION_CONDITIONS = "DEBUG $(inherited)";
				SWIFT_OPTIMIZATION_LEVEL = "-Onone";
			};
			name = Debug;
		};
		2796AC9A2FAE017500640D86 /* Release */ = {
			isa = XCBuildConfiguration;
			buildSettings = {
				ALWAYS_SEARCH_USER_PATHS = NO;
				ASSETCATALOG_COMPILER_GENERATE_SWIFT_ASSET_SYMBOL_EXTENSIONS = YES;
				CLANG_ANALYZER_LOCALIZABILITY_NONLOCALIZED = YES;
				CLANG_ANALYZER_NONNULL = YES;
				CLANG_ANALYZER_NUMBER_OBJECT_CONVERSION = YES_AGGRESSIVE;
				CLANG_CXX_LANGUAGE_STANDARD = "gnu++20";
				CLANG_ENABLE_MODULES = YES;
				CLANG_ENABLE_OBJC_ARC = YES;
				CLANG_ENABLE_OBJC_WEAK = YES;
				CLANG_WARN_BLOCK_CAPTURE_AUTORELEASING = YES;
				CLANG_WARN_BOOL_CONVERSION = YES;
				CLANG_WARN_COMMA = YES;
				CLANG_WARN_CONSTANT_CONVERSION = YES;
				CLANG_WARN_DEPRECATED_OBJC_IMPLEMENTATIONS = YES;
				CLANG_WARN_DIRECT_OBJC_ISA_USAGE = YES_ERROR;
				CLANG_WARN_DOCUMENTATION_COMMENTS = YES;
				CLANG_WARN_EMPTY_BODY = YES;
				CLANG_WARN_ENUM_CONVERSION = YES;
				CLANG_WARN_INFINITE_RECURSION = YES;
				CLANG_WARN_INT_CONVERSION = YES;
				CLANG_WARN_NON_LITERAL_NULL_CONVERSION = YES;
				CLANG_WARN_OBJC_IMPLICIT_RETAIN_SELF = YES;
				CLANG_WARN_OBJC_LITERAL_CONVERSION = YES;
				CLANG_WARN_OBJC_ROOT_CLASS = YES_ERROR;
				CLANG_WARN_QUOTED_INCLUDE_IN_FRAMEWORK_HEADER = YES;
				CLANG_WARN_RANGE_LOOP_ANALYSIS = YES;
				CLANG_WARN_STRICT_PROTOTYPES = YES;
				CLANG_WARN_SUSPICIOUS_MOVE = YES;
				CLANG_WARN_UNGUARDED_AVAILABILITY = YES_AGGRESSIVE;
				CLANG_WARN_UNREACHABLE_CODE = YES;
				CLANG_WARN__DUPLICATE_METHOD_MATCH = YES;
				COPY_PHASE_STRIP = NO;
				DEAD_CODE_STRIPPING = YES;
				DEBUG_INFORMATION_FORMAT = "dwarf-with-dsym";
				DEVELOPMENT_TEAM = B897YNXQ77;
				ENABLE_NS_ASSERTIONS = NO;
				ENABLE_STRICT_OBJC_MSGSEND = YES;
				ENABLE_USER_SCRIPT_SANDBOXING = YES;
				GCC_C_LANGUAGE_STANDARD = gnu17;
				GCC_NO_COMMON_BLOCKS = YES;
				GCC_WARN_64_TO_32_BIT_CONVERSION = YES;
				GCC_WARN_ABOUT_RETURN_TYPE = YES_ERROR;
				GCC_WARN_UNDECLARED_SELECTOR = YES;
				GCC_WARN_UNINITIALIZED_AUTOS = YES_AGGRESSIVE;
				GCC_WARN_UNUSED_FUNCTION = YES;
				GCC_WARN_UNUSED_VARIABLE = YES;
				LOCALIZATION_PREFERS_STRING_CATALOGS = YES;
				MTL_ENABLE_DEBUG_INFO = NO;
				MTL_FAST_MATH = YES;
				STRING_CATALOG_GENERATE_SYMBOLS = NO;
				SWIFT_COMPILATION_MODE = wholemodule;
			};
			name = Release;
		};
		2796AC9C2FAE017500640D86 /* Debug */ = {
			isa = XCBuildConfiguration;
			buildSettings = {
				BUNDLE_LOADER = "$(TEST_HOST)";
				CODE_SIGN_STYLE = Automatic;
				CURRENT_PROJECT_VERSION = 9;
				DEAD_CODE_STRIPPING = YES;
				DEVELOPMENT_TEAM = B897YNXQ77;
				"EXCLUDED_ARCHS[sdk=macosx*]" = x86_64;
				GENERATE_INFOPLIST_FILE = YES;
				IPHONEOS_DEPLOYMENT_TARGET = 17.0;
				MACOSX_DEPLOYMENT_TARGET = 14.0;
				MARKETING_VERSION = 2.1.2;
				PRODUCT_BUNDLE_IDENTIFIER = "com.rougetet.rclone-gui.tests";
				PRODUCT_NAME = "$(TARGET_NAME)";
				SDKROOT = auto;
				STRING_CATALOG_GENERATE_SYMBOLS = NO;
				SUPPORTED_PLATFORMS = "iphoneos iphonesimulator macosx xros xrsimulator";
				SWIFT_APPROACHABLE_CONCURRENCY = YES;
				SWIFT_EMIT_LOC_STRINGS = NO;
				SWIFT_UPCOMING_FEATURE_MEMBER_IMPORT_VISIBILITY = YES;
				SWIFT_VERSION = 5.0;
				TARGETED_DEVICE_FAMILY = "1,2,7";
				TEST_HOST = "$(BUILT_PRODUCTS_DIR)/RcloneGUI.app/$(BUNDLE_EXECUTABLE_FOLDER_PATH)/RcloneGUI";
				XROS_DEPLOYMENT_TARGET = 1.0;
			};
			name = Debug;
		};
		2796AC9D2FAE017500640D86 /* Release */ = {
			isa = XCBuildConfiguration;
			buildSettings = {
				BUNDLE_LOADER = "$(TEST_HOST)";
				CODE_SIGN_STYLE = Automatic;
				CURRENT_PROJECT_VERSION = 9;
				DEAD_CODE_STRIPPING = YES;
				DEVELOPMENT_TEAM = B897YNXQ77;
				"EXCLUDED_ARCHS[sdk=macosx*]" = x86_64;
				GENERATE_INFOPLIST_FILE = YES;
				IPHONEOS_DEPLOYMENT_TARGET = 17.0;
				MACOSX_DEPLOYMENT_TARGET = 14.0;
				MARKETING_VERSION = 2.1.2;
				PRODUCT_BUNDLE_IDENTIFIER = "com.rougetet.rclone-gui.tests";
				PRODUCT_NAME = "$(TARGET_NAME)";
				SDKROOT = auto;
				STRING_CATALOG_GENERATE_SYMBOLS = NO;
				SUPPORTED_PLATFORMS = "iphoneos iphonesimulator macosx xros xrsimulator";
				SWIFT_APPROACHABLE_CONCURRENCY = YES;
				SWIFT_EMIT_LOC_STRINGS = NO;
				SWIFT_UPCOMING_FEATURE_MEMBER_IMPORT_VISIBILITY = YES;
				SWIFT_VERSION = 5.0;
				TARGETED_DEVICE_FAMILY = "1,2,7";
				TEST_HOST = "$(BUILT_PRODUCTS_DIR)/RcloneGUI.app/$(BUNDLE_EXECUTABLE_FOLDER_PATH)/RcloneGUI";
				XROS_DEPLOYMENT_TARGET = 1.0;
			};
			name = Release;
		};
		2796AC9F2FAE017500640D86 /* Debug */ = {
			isa = XCBuildConfiguration;
			buildSettings = {
				CODE_SIGN_STYLE = Automatic;
				CURRENT_PROJECT_VERSION = 9;
				DEAD_CODE_STRIPPING = YES;
				DEVELOPMENT_TEAM = B897YNXQ77;
				"EXCLUDED_ARCHS[sdk=macosx*]" = x86_64;
				GENERATE_INFOPLIST_FILE = YES;
				IPHONEOS_DEPLOYMENT_TARGET = 17.0;
				MACOSX_DEPLOYMENT_TARGET = 14.0;
				MARKETING_VERSION = 2.1.2;
				PRODUCT_BUNDLE_IDENTIFIER = "com.rougetet.rclone-gui.uitests";
				PRODUCT_NAME = "$(TARGET_NAME)";
				SDKROOT = auto;
				STRING_CATALOG_GENERATE_SYMBOLS = NO;
				SUPPORTED_PLATFORMS = "iphoneos iphonesimulator macosx xros xrsimulator";
				SWIFT_APPROACHABLE_CONCURRENCY = YES;
				SWIFT_EMIT_LOC_STRINGS = NO;
				SWIFT_UPCOMING_FEATURE_MEMBER_IMPORT_VISIBILITY = YES;
				SWIFT_VERSION = 5.0;
				TARGETED_DEVICE_FAMILY = "1,2,7";
				TEST_TARGET_NAME = "Rclone GUI";
				XROS_DEPLOYMENT_TARGET = 1.0;
			};
			name = Debug;
		};
		2796ACA02FAE017500640D86 /* Release */ = {
			isa = XCBuildConfiguration;
			buildSettings = {
				CODE_SIGN_STYLE = Automatic;
				CURRENT_PROJECT_VERSION = 9;
				DEAD_CODE_STRIPPING = YES;
				DEVELOPMENT_TEAM = B897YNXQ77;
				"EXCLUDED_ARCHS[sdk=macosx*]" = x86_64;
				GENERATE_INFOPLIST_FILE = YES;
				IPHONEOS_DEPLOYMENT_TARGET = 17.0;
				MACOSX_DEPLOYMENT_TARGET = 14.0;
				MARKETING_VERSION = 2.1.2;
				PRODUCT_BUNDLE_IDENTIFIER = "com.rougetet.rclone-gui.uitests";
				PRODUCT_NAME = "$(TARGET_NAME)";
				SDKROOT = auto;
				STRING_CATALOG_GENERATE_SYMBOLS = NO;
				SUPPORTED_PLATFORMS = "iphoneos iphonesimulator macosx xros xrsimulator";
				SWIFT_APPROACHABLE_CONCURRENCY = YES;
				SWIFT_EMIT_LOC_STRINGS = NO;
				SWIFT_UPCOMING_FEATURE_MEMBER_IMPORT_VISIBILITY = YES;
				SWIFT_VERSION = 5.0;
				TARGETED_DEVICE_FAMILY = "1,2,7";
				TEST_TARGET_NAME = "Rclone GUI";
				XROS_DEPLOYMENT_TARGET = 1.0;
			};
			name = Release;
		};
		27C31F822FBDA917005F4083 /* Debug */ = {
			isa = XCBuildConfiguration;
			buildSettings = {
				ASSETCATALOG_COMPILER_GLOBAL_ACCENT_COLOR_NAME = AccentColor;
				ASSETCATALOG_COMPILER_WIDGET_BACKGROUND_COLOR_NAME = WidgetBackground;
				CODE_SIGN_STYLE = Automatic;
				CURRENT_PROJECT_VERSION = 9;
				DEVELOPMENT_TEAM = B897YNXQ77;
				GENERATE_INFOPLIST_FILE = YES;
				INFOPLIST_FILE = RclonePhotoSyncActivity/Info.plist;
				INFOPLIST_KEY_CFBundleDisplayName = RclonePhotoSyncActivity;
				INFOPLIST_KEY_NSHumanReadableCopyright = "";
				IPHONEOS_DEPLOYMENT_TARGET = 17.0;
				LD_RUNPATH_SEARCH_PATHS = (
					"$(inherited)",
					"@executable_path/Frameworks",
					"@executable_path/../../Frameworks",
				);
				MARKETING_VERSION = 2.1.2;
				PRODUCT_BUNDLE_IDENTIFIER = "com.rougetet.rclone-gui.RclonePhotoSyncActivity";
				PRODUCT_NAME = "$(TARGET_NAME)";
				SDKROOT = iphoneos;
				SKIP_INSTALL = YES;
				STRING_CATALOG_GENERATE_SYMBOLS = NO;
				SWIFT_APPROACHABLE_CONCURRENCY = YES;
				SWIFT_EMIT_LOC_STRINGS = YES;
				SWIFT_UPCOMING_FEATURE_MEMBER_IMPORT_VISIBILITY = YES;
				SWIFT_VERSION = 5.0;
				TARGETED_DEVICE_FAMILY = "1,2";
			};
			name = Debug;
		};
		27C31F832FBDA917005F4083 /* Release */ = {
			isa = XCBuildConfiguration;
			buildSettings = {
				ASSETCATALOG_COMPILER_GLOBAL_ACCENT_COLOR_NAME = AccentColor;
				ASSETCATALOG_COMPILER_WIDGET_BACKGROUND_COLOR_NAME = WidgetBackground;
				CODE_SIGN_STYLE = Automatic;
				CURRENT_PROJECT_VERSION = 9;
				DEVELOPMENT_TEAM = B897YNXQ77;
				GENERATE_INFOPLIST_FILE = YES;
				INFOPLIST_FILE = RclonePhotoSyncActivity/Info.plist;
				INFOPLIST_KEY_CFBundleDisplayName = RclonePhotoSyncActivity;
				INFOPLIST_KEY_NSHumanReadableCopyright = "";
				IPHONEOS_DEPLOYMENT_TARGET = 17.0;
				LD_RUNPATH_SEARCH_PATHS = (
					"$(inherited)",
					"@executable_path/Frameworks",
					"@executable_path/../../Frameworks",
				);
				MARKETING_VERSION = 2.1.2;
				PRODUCT_BUNDLE_IDENTIFIER = "com.rougetet.rclone-gui.RclonePhotoSyncActivity";
				PRODUCT_NAME = "$(TARGET_NAME)";
				SDKROOT = iphoneos;
				SKIP_INSTALL = YES;
				STRING_CATALOG_GENERATE_SYMBOLS = NO;
				SWIFT_APPROACHABLE_CONCURRENCY = YES;
				SWIFT_EMIT_LOC_STRINGS = YES;
				SWIFT_UPCOMING_FEATURE_MEMBER_IMPORT_VISIBILITY = YES;
				SWIFT_VERSION = 5.0;
				TARGETED_DEVICE_FAMILY = "1,2";
				VALIDATE_PRODUCT = YES;
			};
			name = Release;
		};
/* End XCBuildConfiguration section */

/* Begin XCConfigurationList section */
		278FAACF2FAF741D0019F255 /* Build configuration list for PBXNativeTarget "RcloneFileProviderUI" */ = {
			isa = XCConfigurationList;
			buildConfigurations = (
				278FAACD2FAF741D0019F255 /* Debug */,
				278FAACE2FAF741D0019F255 /* Release */,
			);
			defaultConfigurationIsVisible = 0;
			defaultConfigurationName = Release;
		};
		278FAAD12FAF741D0019F255 /* Build configuration list for PBXNativeTarget "RcloneFileProvider" */ = {
			isa = XCConfigurationList;
			buildConfigurations = (
				278FAACB2FAF741D0019F255 /* Debug */,
				278FAACC2FAF741D0019F255 /* Release */,
			);
			defaultConfigurationIsVisible = 0;
			defaultConfigurationName = Release;
		};
		2796AC6D2FAE017400640D86 /* Build configuration list for PBXProject "Rclone GUI" */ = {
			isa = XCConfigurationList;
			buildConfigurations = (
				2796AC992FAE017500640D86 /* Debug */,
				2796AC9A2FAE017500640D86 /* Release */,
			);
			defaultConfigurationIsVisible = 0;
			defaultConfigurationName = Release;
		};
		2796AC962FAE017500640D86 /* Build configuration list for PBXNativeTarget "Rclone GUI" */ = {
			isa = XCConfigurationList;
			buildConfigurations = (
				2796AC972FAE017500640D86 /* Debug */,
				2796AC982FAE017500640D86 /* Release */,
			);
			defaultConfigurationIsVisible = 0;
			defaultConfigurationName = Release;
		};
		2796AC9B2FAE017500640D86 /* Build configuration list for PBXNativeTarget "Rclone GUITests" */ = {
			isa = XCConfigurationList;
			buildConfigurations = (
				2796AC9C2FAE017500640D86 /* Debug */,
				2796AC9D2FAE017500640D86 /* Release */,
			);
			defaultConfigurationIsVisible = 0;
			defaultConfigurationName = Release;
		};
		2796AC9E2FAE017500640D86 /* Build configuration list for PBXNativeTarget "Rclone GUIUITests" */ = {
			isa = XCConfigurationList;
			buildConfigurations = (
				2796AC9F2FAE017500640D86 /* Debug */,
				2796ACA02FAE017500640D86 /* Release */,
			);
			defaultConfigurationIsVisible = 0;
			defaultConfigurationName = Release;
		};
		27C31F812FBDA917005F4083 /* Build configuration list for PBXNativeTarget "RclonePhotoSyncActivityExtension" */ = {
			isa = XCConfigurationList;
			buildConfigurations = (
				27C31F822FBDA917005F4083 /* Debug */,
				27C31F832FBDA917005F4083 /* Release */,
			);
			defaultConfigurationIsVisible = 0;
			defaultConfigurationName = Release;
		};
/* End XCConfigurationList section */

/* Begin XCRemoteSwiftPackageReference section */
		27FFEE0100000000000F0001 /* XCRemoteSwiftPackageReference "vlckit-spm" */ = {
			isa = XCRemoteSwiftPackageReference;
			repositoryURL = "https://github.com/virtualox/vlckit-spm";
			requirement = {
				kind = exactVersion;
				version = "4.0.0-alpha.19";
			};
		};
/* End XCRemoteSwiftPackageReference section */

/* Begin XCSwiftPackageProductDependency section */
		27FFEE0100000000000F0002 /* VLCKitSPM */ = {
			isa = XCSwiftPackageProductDependency;
			package = 27FFEE0100000000000F0001 /* XCRemoteSwiftPackageReference "vlckit-spm" */;
			productName = VLCKitSPM;
		};
/* End XCSwiftPackageProductDependency section */
	};
	rootObject = 2796AC6A2FAE017400640D86 /* Project object */;
}
